
Microsoft Visual Studio Solution File, Format Version 12.00
# Visual Studio Version 16
VisualStudioVersion = 16.0.29006.145
MinimumVisualStudioVersion = 10.0.40219.1
Project("{9A19103F-16F7-4668-BE54-9A1E7A4F7556}") = "BeepLive", "BeepLive\BeepLive.csproj", "{7241939B-B0EB-48E5-B128-582A5D8A7E57}"
EndProject
Project("{FAE04EC0-301F-11D3-BF4B-00C04F79EFBC}") = "BeepLive.Server", "BeepLive.Server\BeepLive.Server.csproj", "{7D467E65-BF5A-4307-A33A-9F0D0F045B78}"
EndProject
Project("{FAE04EC0-301F-11D3-BF4B-00C04F79EFBC}") = "BeepLive.Client", "BeepLive.Client\BeepLive.Client.csproj", "{5527F9FB-88F9-4B86-BE7E-11F6FB100393}"
EndProject
Global
	GlobalSection(SolutionConfigurationPlatforms) = preSolution
		Debug|Any CPU = Debug|Any CPU
		Release|Any CPU = Release|Any CPU
	EndGlobalSection
	GlobalSection(ProjectConfigurationPlatforms) = postSolution
		{7241939B-B0EB-48E5-B128-582A5D8A7E57}.Debug|Any CPU.ActiveCfg = Debug|Any CPU
		{7241939B-B0EB-48E5-B128-582A5D8A7E57}.Debug|Any CPU.Build.0 = Debug|Any CPU
		{7241939B-B0EB-48E5-B128-582A5D8A7E57}.Release|Any CPU.ActiveCfg = Release|Any CPU
		{7241939B-B0EB-48E5-B128-582A5D8A7E57}.Release|Any CPU.Build.0 = Release|Any CPU
		{7D467E65-BF5A-4307-A33A-9F0D0F045B78}.Debug|Any CPU.ActiveCfg = Debug|Any CPU
		{7D467E65-BF5A-4307-A33A-9F0D0F045B78}.Debug|Any CPU.Build.0 = Debug|Any CPU
		{7D467E65-BF5A-4307-A33A-9F0D0F045B78}.Release|Any CPU.ActiveCfg = Release|Any CPU
		{7D467E65-BF5A-4307-A33A-9F0D0F045B78}.Release|Any CPU.Build.0 = Release|Any CPU
		{5527F9FB-88F9-4B86-BE7E-11F6FB100393}.Debug|Any CPU.ActiveCfg = Debug|Any CPU
		{5527F9FB-88F9-4B86-BE7E-11F6FB100393}.Debug|Any CPU.Build.0 = Debug|Any CPU
		{5527F9FB-88F9-4B86-BE7E-11F6FB100393}.Release|Any CPU.ActiveCfg = Release|Any CPU
		{5527F9FB-88F9-4B86-BE7E-11F6FB100393}.Release|Any CPU.Build.0 = Release|Any CPU
	EndGlobalSection
	GlobalSection(SolutionProperties) = preSolution
		HideSolutionNode = FALSE
	EndGlobalSection
	GlobalSection(ExtensibilityGlobals) = postSolution
		SolutionGuid = {DF86FA72-E527-4C49-942D-C6E05473035A}
	EndGlobalSection
EndGlobal
